// !$*UTF8*$!
{
	archiveVersion = 1;
	classes = {
	};
	objectVersion = 50;
	objects = {

/* Begin PBXBuildFile section */
		2C9E363126904F1F00375102 /* Person.m in Sources */ = {isa = PBXBuildFile; fileRef = 2C9E363026904F1F00375102 /* Person.m */; };
		2C9E36392690656300375102 /* Player.m in Sources */ = {isa = PBXBuildFile; fileRef = 2C9E36382690656300375102 /* Player.m */; };
		2CED6E942691AD1B00E5D9B6 /* Robot.m in Sources */ = {isa = PBXBuildFile; fileRef = 2CED6E932691AD1B00E5D9B6 /* Robot.m */; };
		2CED6E972691B03600E5D9B6 /* Judge.m in Sources */ = {isa = PBXBuildFile; fileRef = 2CED6E962691B03600E5D9B6 /* Judge.m */; };
		2CF98EA4268F38280073F9D9 /* main.m in Sources */ = {isa = PBXBuildFile; fileRef = 2CF98EA3268F38280073F9D9 /* main.m */; };
/* End PBXBuildFile section */

/* Begin PBXCopyFilesBuildPhase section */
		2CF98E9E268F38280073F9D9 /* CopyFiles */ = {
			isa = PBXCopyFilesBuildPhase;
			buildActionMask = 2147483647;
			dstPath = /usr/share/man/man1/;
			dstSubfolderSpec = 0;
			files = (
			);
			runOnlyForDeploymentPostprocessing = 1;
		};
/* End PBXCopyFilesBuildPhase section */

/* Begin PBXFileReference section */
		2C9E362F26904F1F00375102 /* Person.h */ = {isa = PBXFileReference; lastKnownFileType = sourcecode.c.h; path = Person.h; sourceTree = "<group>"; };
		2C9E363026904F1F00375102 /* Person.m */ = {isa = PBXFileReference; lastKnownFileType = sourcecode.c.objc; path = Person.m; sourceTree = "<group>"; };
		2C9E36362690653C00375102 /* FistType.h */ = {isa = PBXFileReference; lastKnownFileType = sourcecode.c.h; path = FistType.h; sourceTree = "<group>"; };
		2C9E36372690656300375102 /* Player.h */ = {isa = PBXFileReference; lastKnownFileType = sourcecode.c.h; path = Player.h; sourceTree = "<group>"; };
		2C9E36382690656300375102 /* Player.m */ = {isa = PBXFileReference; lastKnownFileType = sourcecode.c.objc; path = Player.m; sourceTree = "<group>"; };
		2CED6E922691AD1B00E5D9B6 /* Robot.h */ = {isa = PBXFileReference; lastKnownFileType = sourcecode.c.h; path = Robot.h; sourceTree = "<group>"; };
		2CED6E932691AD1B00E5D9B6 /* Robot.m */ = {isa = PBXFileReference; lastKnownFileType = sourcecode.c.objc; path = Robot.m; sourceTree = "<group>"; };
		2CED6E952691B03600E5D9B6 /* Judge.h */ = {isa = PBXFileReference; lastKnownFileType = sourcecode.c.h; path = Judge.h; sourceTree = "<group>"; };
		2CED6E962691B03600E5D9B6 /* Judge.m */ = {isa = PBXFileReference; lastKnownFileType = sourcecode.c.objc; path = Judge.m; sourceTree = "<group>"; };
		2CF98EA0268F38280073F9D9 /* proj_1 */ = {isa = PBXFileReference; explicitFileType = "compiled.mach-o.executable"; includeInIndex = 0; path = proj_1; sourceTree = BUILT_PRODUCTS_DIR; };
		2CF98EA3268F38280073F9D9 /* main.m */ = {isa = PBXFileReference; lastKnownFileType = sourcecode.c.objc; path = main.m; sourceTree = "<group>"; };
/* End PBXFileReference section */

/* Begin PBXFrameworksBuildPhase section */
		2CF98E9D268F38280073F9D9 /* Frameworks */ = {
			isa = PBXFrameworksBuildPhase;
			buildActionMask = 2147483647;
			files = (
			);
			runOnlyForDeploymentPostprocessing = 0;
		};
/* End PBXFrameworksBuildPhase section */

/* Begin PBXGroup section */
		2CF98E97268F38280073F9D9 = {
			isa = PBXGroup;
			children = (
				2CED6E952691B03600E5D9B6 /* Judge.h */,
				2CED6E962691B03600E5D9B6 /* Judge.m */,
				2CED6E922691AD1B00E5D9B6 /* Robot.h */,
				2CED6E932691AD1B00E5D9B6 /* Robot.m */,
				2C9E36372690656300375102 /* Player.h */,
				2C9E36382690656300375102 /* Player.m */,
				2C9E36362690653C00375102 /* FistType.h */,
				2CF98EA2268F38280073F9D9 /* proj_1 */,
				2CF98EA1268F38280073F9D9 /* Products */,
			);
			sourceTree = "<group>";
		};
		2CF98EA1268F38280073F9D9 /* Products */ = {
			isa = PBXGroup;
			children = (
				2CF98EA0268F38280073F9D9 /* proj_1 */,
			);
			name = Products;
			sourceTree = "<group>";
		};
		2CF98EA2268F38280073F9D9 /* proj_1 */ = {
			isa = PBXGroup;
			children = (
				2CF98EA3268F38280073F9D9 /* main.m */,
				2C9E362F26904F1F00375102 /* Person.h */,
				2C9E363026904F1F00375102 /* Person.m */,
			);
			path = proj_1;
			sourceTree = "<group>";
		};
/* End PBXGroup section */

/* Begin PBXNativeTarget section */
		2CF98E9F268F38280073F9D9 /* proj_1 */ = {
			isa = PBXNativeTarget;
			buildConfigurationList = 2CF98EA7268F38280073F9D9 /* Build configuration list for PBXNativeTarget "proj_1" */;
			buildPhases = (
				2CF98E9C268F38280073F9D9 /* Sources */,
				2CF98E9D268F38280073F9D9 /* Frameworks */,
				2CF98E9E268F38280073F9D9 /* CopyFiles */,
			);
			buildRules = (
			);
			dependencies = (
			);
			name = proj_1;
			productName = proj_1;
			productReference = 2CF98EA0268F38280073F9D9 /* proj_1 */;
			productType = "com.apple.product-type.tool";
		};
/* End PBXNativeTarget section */

/* Begin PBXProject section */
		2CF98E98268F38280073F9D9 /* Project object */ = {
			isa = PBXProject;
			attributes = {
				LastUpgradeCheck = 0940;
				ORGANIZATIONNAME = halo;
				TargetAttributes = {
					2CF98E9F268F38280073F9D9 = {
						CreatedOnToolsVersion = 9.4;
					};
				};
			};
			buildConfigurationList = 2CF98E9B268F38280073F9D9 /* Build configuration list for PBXProject "proj_1" */;
			compatibilityVersion = "Xcode 9.3";
			developmentRegion = en;
			hasScannedForEncodings = 0;
			knownRegions = (
				en,
			);
			mainGroup = 2CF98E97268F38280073F9D9;
			productRefGroup = 2CF98EA1268F38280073F9D9 /* Products */;
			projectDirPath = "";
			projectRoot = "";
			targets = (
				2CF98E9F268F38280073F9D9 /* proj_1 */,
			);
		};
/* End PBXProject section */

/* Begin PBXSourcesBuildPhase section */
		2CF98E9C268F38280073F9D9 /* Sources */ = {
			isa = PBXSourcesBuildPhase;
			buildActionMask = 2147483647;
			files = (
				2CED6E942691AD1B00E5D9B6 /* Robot.m in Sources */,
				2CED6E972691B03600E5D9B6 /* Judge.m in Sources */,
				2C9E363126904F1F00375102 /* Person.m in Sources */,
				2C9E36392690656300375102 /* Player.m in Sources */,
				2CF98EA4268F38280073F9D9 /* main.m in Sources */,
			);
			runOnlyForDeploymentPostprocessing = 0;
		};
/* End PBXSourcesBuildPhase section */

/* Begin XCBuildConfiguration section */
		2CF98EA5268F38280073F9D9 /* Debug */ = {
			isa = XCBuildConfiguration;
			buildSettings = {
				ALWAYS_SEARCH_USER_PATHS = NO;
				CLANG_ANALYZER_NONNULL = YES;
				CLANG_ANALYZER_NUMBER_OBJECT_CONVERSION = YES_AGGRESSIVE;
				CLANG_CXX_LANGUAGE_STANDARD = "gnu++14";
				CLANG_CXX_LIBRARY = "libc++";
				CLANG_ENABLE_MODULES = YES;
				CLANG_ENABLE_OBJC_ARC = YES;
				CLANG_ENABLE_OBJC_WEAK = YES;
				CLANG_WARN_BLOCK_CAPTURE_AUTORELEASING = YES;
				CLANG_WARN_BOOL_CONVERSION = YES;
				CLANG_WARN_COMMA = YES;
				CLANG_WARN_CONSTANT_CONVERSION = YES;
				CLANG_WARN_DEPRECATED_OBJC_IMPLEMENTATIONS = YES;
				CLANG_WARN_DIRECT_OBJC_ISA_USAGE = YES_ERROR;
				CLANG_WARN_DOCUMENTATION_COMMENTS = YES;
				CLANG_WARN_EMPTY_BODY = YES;
				CLANG_WARN_ENUM_CONVERSION = YES;
				CLANG_WARN_INFINITE_RECURSION = YES;
				CLANG_WARN_INT_CONVERSION = YES;
				CLANG_WARN_NON_LITERAL_NULL_CONVERSION = YES;
				CLANG_WARN_OBJC_IMPLICIT_RETAIN_SELF = YES;
				CLANG_WARN_OBJC_LITERAL_CONVERSION = YES;
				CLANG_WARN_OBJC_ROOT_CLASS = YES_ERROR;
				CLANG_WARN_RANGE_LOOP_ANALYSIS = YES;
				CLANG_WARN_STRICT_PROTOTYPES = YES;
				CLANG_WARN_SUSPICIOUS_MOVE = YES;
				CLANG_WARN_UNGUARDED_AVAILABILITY = YES_AGGRESSIVE;
				CLANG_WARN_UNREACHABLE_CODE = YES;
				CLANG_WARN__DUPLICATE_METHOD_MATCH = YES;
				CODE_SIGN_IDENTITY = "-";
				COPY_PHASE_STRIP = NO;
				DEBUG_INFORMATION_FORMAT = dwarf;
				ENABLE_STRICT_OBJC_MSGSEND = YES;
				ENABLE_TESTABILITY = YES;
				GCC_C_LANGUAGE_STANDARD = gnu11;
				GCC_DYNAMIC_NO_PIC = NO;
				GCC_NO_COMMON_BLOCKS = YES;
				GCC_OPTIMIZATION_LEVEL = 0;
				GCC_PREPROCESSOR_DEFINITIONS = (
					"DEBUG=1",
					"$(inherited)",
				);
				GCC_WARN_64_TO_32_BIT_CONVERSION = YES;
				GCC_WARN_ABOUT_RETURN_TYPE = YES_ERROR;
				GCC_WARN_UNDECLARED_SELECTOR = YES;
				GCC_WARN_UNINITIALIZED_AUTOS = YES_AGGRESSIVE;
				GCC_WARN_UNUSED_FUNCTION = YES;
				GCC_WARN_UNUSED_VARIABLE = YES;
				MACOSX_DEPLOYMENT_TARGET = 10.13;
				MTL_ENABLE_DEBUG_INFO = YES;
				ONLY_ACTIVE_ARCH = YES;
				SDKROOT = macosx;
			};
			name = Debug;
		};
		2CF98EA6268F38280073F9D9 /* Release */ = {
			isa = XCBuildConfiguration;
			buildSettings = {
				ALWAYS_SEARCH_USER_PATHS = NO;
				CLANG_ANALYZER_NONNULL = YES;
				CLANG_ANALYZER_NUMBER_OBJECT_CONVERSION = YES_AGGRESSIVE;
				CLANG_CXX_LANGUAGE_STANDARD = "gnu++14";
				CLANG_CXX_LIBRARY = "libc++";
				CLANG_ENABLE_MODULES = YES;
				CLANG_ENABLE_OBJC_ARC = YES;
				CLANG_ENABLE_OBJC_WEAK = YES;
				CLANG_WARN_BLOCK_CAPTURE_AUTORELEASING = YES;
				CLANG_WARN_BOOL_CONVERSION = YES;
				CLANG_WARN_COMMA = YES;
				CLANG_WARN_CONSTANT_CONVERSION = YES;
				CLANG_WARN_DEPRECATED_OBJC_IMPLEMENTATIONS = YES;
				CLANG_WARN_DIRECT_OBJC_ISA_USAGE = YES_ERROR;
				CLANG_WARN_DOCUMENTATION_COMMENTS = YES;
				CLANG_WARN_EMPTY_BODY = YES;
				CLANG_WARN_ENUM_CONVERSION = YES;
				CLANG_WARN_INFINITE_RECURSION = YES;
				CLANG_WARN_INT_CONVERSION = YES;
				CLANG_WARN_NON_LITERAL_NULL_CONVERSION = YES;
				CLANG_WARN_OBJC_IMPLICIT_RETAIN_SELF = YES;
				CLANG_WARN_OBJC_LITERAL_CONVERSION = YES;
				CLANG_WARN_OBJC_ROOT_CLASS = YES_ERROR;
				CLANG_WARN_RANGE_LOOP_ANALYSIS = YES;
				CLANG_WARN_STRICT_PROTOTYPES = YES;
				CLANG_WARN_SUSPICIOUS_MOVE = YES;
				CLANG_WARN_UNGUARDED_AVAILABILITY = YES_AGGRESSIVE;
				CLANG_WARN_UNREACHABLE_CODE = YES;
				CLANG_WARN__DUPLICATE_METHOD_MATCH = YES;
				CODE_SIGN_IDENTITY = "-";
				COPY_PHASE_STRIP = NO;
				DEBUG_INFORMATION_FORMAT = "dwarf-with-dsym";
				ENABLE_NS_ASSERTIONS = NO;
				ENABLE_STRICT_OBJC_MSGSEND = YES;
				GCC_C_LANGUAGE_STANDARD = gnu11;
				GCC_NO_COMMON_BLOCKS = YES;
				GCC_WARN_64_TO_32_BIT_CONVERSION = YES;
				GCC_WARN_ABOUT_RETURN_TYPE = YES_ERROR;
				GCC_WARN_UNDECLARED_SELECTOR = YES;
				GCC_WARN_UNINITIALIZED_AUTOS = YES_AGGRESSIVE;
				GCC_WARN_UNUSED_FUNCTION = YES;
				GCC_WARN_UNUSED_VARIABLE = YES;
				MACOSX_DEPLOYMENT_TARGET = 10.13;
				MTL_ENABLE_DEBUG_INFO = NO;
				SDKROOT = macosx;
			};
			name = Release;
		};
		2CF98EA8268F38280073F9D9 /* Debug */ = {
			isa = XCBuildConfiguration;
			buildSettings = {
				CODE_SIGN_STYLE = Automatic;
				PRODUCT_NAME = "$(TARGET_NAME)";
			};
			name = Debug;
		};
		2CF98EA9268F38280073F9D9 /* Release */ = {
			isa = XCBuildConfiguration;
			buildSettings = {
				CODE_SIGN_STYLE = Automatic;
				PRODUCT_NAME = "$(TARGET_NAME)";
			};
			name = Release;
		};
/* End XCBuildConfiguration section */

/* Begin XCConfigurationList section */
		2CF98E9B268F38280073F9D9 /* Build configuration list for PBXProject "proj_1" */ = {
			isa = XCConfigurationList;
			buildConfigurations = (
				2CF98EA5268F38280073F9D9 /* Debug */,
				2CF98EA6268F38280073F9D9 /* Release */,
			);
			defaultConfigurationIsVisible = 0;
			defaultConfigurationName = Release;
		};
		2CF98EA7268F38280073F9D9 /* Build configuration list for PBXNativeTarget "proj_1" */ = {
			isa = XCConfigurationList;
			buildConfigurations = (
				2CF98EA8268F38280073F9D9 /* Debug */,
				2CF98EA9268F38280073F9D9 /* Release */,
			);
			defaultConfigurationIsVisible = 0;
			defaultConfigurationName = Release;
		};
/* End XCConfigurationList section */
	};
	rootObject = 2CF98E98268F38280073F9D9 /* Project object */;
}
