// !$*UTF8*$!
{
	archiveVersion = 1;
	classes = {
	};
	objectVersion = 51;
	objects = {

/* Begin PBXBuildFile section */
		6BC0E5B2A548AE7207FE0F4E /* Pods_Weather.framework in Frameworks */ = {isa = PBXBuildFile; fileRef = 1FF0A19D502A4F7B69AEFE84 /* Pods_Weather.framework */; };
		BF6BF7A02692EE52004BBF8B /* InfoBlocks.swift in Sources */ = {isa = PBXBuildFile; fileRef = BF6BF79F2692EE52004BBF8B /* InfoBlocks.swift */; };
		BF84AA06269E99C000276D38 /* CityListView.swift in Sources */ = {isa = PBXBuildFile; fileRef = BF84AA05269E99C000276D38 /* CityListView.swift */; };
		BFAF2C11268F170500D34778 /* WeatherApp.swift in Sources */ = {isa = PBXBuildFile; fileRef = BFAF2C10268F170500D34778 /* WeatherApp.swift */; };
		BFAF2C13268F170500D34778 /* ContentView.swift in Sources */ = {isa = PBXBuildFile; fileRef = BFAF2C12268F170500D34778 /* ContentView.swift */; };
		BFAF2C15268F170600D34778 /* Assets.xcassets in Resources */ = {isa = PBXBuildFile; fileRef = BFAF2C14268F170600D34778 /* Assets.xcassets */; };
		BFAF2C18268F170600D34778 /* Preview Assets.xcassets in Resources */ = {isa = PBXBuildFile; fileRef = BFAF2C17268F170600D34778 /* Preview Assets.xcassets */; };
		BFAF2C24268F332500D34778 /* weatherQualityView.swift in Sources */ = {isa = PBXBuildFile; fileRef = BFAF2C23268F332500D34778 /* weatherQualityView.swift */; };
		BFAF2C26268F333500D34778 /* currentWeatherView.swift in Sources */ = {isa = PBXBuildFile; fileRef = BFAF2C25268F333500D34778 /* currentWeatherView.swift */; };
		BFAF2C28268F3D1600D34778 /* returnDemo.json in Resources */ = {isa = PBXBuildFile; fileRef = BFAF2C27268F3D1600D34778 /* returnDemo.json */; };
/* End PBXBuildFile section */

/* Begin PBXFileReference section */
		1FF0A19D502A4F7B69AEFE84 /* Pods_Weather.framework */ = {isa = PBXFileReference; explicitFileType = wrapper.framework; includeInIndex = 0; path = Pods_Weather.framework; sourceTree = BUILT_PRODUCTS_DIR; };
		892E7CD288C0B480ECF0383E /* Pods-Weather.release.xcconfig */ = {isa = PBXFileReference; includeInIndex = 1; lastKnownFileType = text.xcconfig; name = "Pods-Weather.release.xcconfig"; path = "Target Support Files/Pods-Weather/Pods-Weather.release.xcconfig"; sourceTree = "<group>"; };
		B824D84438700CDD7DE7C3E9 /* Pods-Weather.debug.xcconfig */ = {isa = PBXFileReference; includeInIndex = 1; lastKnownFileType = text.xcconfig; name = "Pods-Weather.debug.xcconfig"; path = "Target Support Files/Pods-Weather/Pods-Weather.debug.xcconfig"; sourceTree = "<group>"; };
		BF6BF79F2692EE52004BBF8B /* InfoBlocks.swift */ = {isa = PBXFileReference; fileEncoding = 4; lastKnownFileType = sourcecode.swift; path = InfoBlocks.swift; sourceTree = "<group>"; };
		BF84AA05269E99C000276D38 /* CityListView.swift */ = {isa = PBXFileReference; lastKnownFileType = sourcecode.swift; path = CityListView.swift; sourceTree = "<group>"; };
		BFAF2C0D268F170500D34778 /* Weather.app */ = {isa = PBXFileReference; explicitFileType = wrapper.application; includeInIndex = 0; path = Weather.app; sourceTree = BUILT_PRODUCTS_DIR; };
		BFAF2C10268F170500D34778 /* WeatherApp.swift */ = {isa = PBXFileReference; lastKnownFileType = sourcecode.swift; path = WeatherApp.swift; sourceTree = "<group>"; };
		BFAF2C12268F170500D34778 /* ContentView.swift */ = {isa = PBXFileReference; lastKnownFileType = sourcecode.swift; path = ContentView.swift; sourceTree = "<group>"; };
		BFAF2C14268F170600D34778 /* Assets.xcassets */ = {isa = PBXFileReference; lastKnownFileType = folder.assetcatalog; path = Assets.xcassets; sourceTree = "<group>"; };
		BFAF2C17268F170600D34778 /* Preview Assets.xcassets */ = {isa = PBXFileReference; lastKnownFileType = folder.assetcatalog; path = "Preview Assets.xcassets"; sourceTree = "<group>"; };
		BFAF2C19268F170600D34778 /* Info.plist */ = {isa = PBXFileReference; lastKnownFileType = text.plist.xml; path = Info.plist; sourceTree = "<group>"; };
		BFAF2C20268F1DDD00D34778 /* AFNetworking-Brigding-Header.h */ = {isa = PBXFileReference; lastKnownFileType = sourcecode.c.h; path = "AFNetworking-Brigding-Header.h"; sourceTree = "<group>"; };
		BFAF2C23268F332500D34778 /* weatherQualityView.swift */ = {isa = PBXFileReference; lastKnownFileType = sourcecode.swift; path = weatherQualityView.swift; sourceTree = "<group>"; };
		BFAF2C25268F333500D34778 /* currentWeatherView.swift */ = {isa = PBXFileReference; lastKnownFileType = sourcecode.swift; path = currentWeatherView.swift; sourceTree = "<group>"; };
		BFAF2C27268F3D1600D34778 /* returnDemo.json */ = {isa = PBXFileReference; lastKnownFileType = text.json; path = returnDemo.json; sourceTree = "<group>"; };
/* End PBXFileReference section */

/* Begin PBXFrameworksBuildPhase section */
		BFAF2C0A268F170500D34778 /* Frameworks */ = {
			isa = PBXFrameworksBuildPhase;
			buildActionMask = 2147483647;
			files = (
				6BC0E5B2A548AE7207FE0F4E /* Pods_Weather.framework in Frameworks */,
			);
			runOnlyForDeploymentPostprocessing = 0;
		};
/* End PBXFrameworksBuildPhase section */

/* Begin PBXGroup section */
		B081C20AB13803E55C9F9164 /* Pods */ = {
			isa = PBXGroup;
			children = (
				B824D84438700CDD7DE7C3E9 /* Pods-Weather.debug.xcconfig */,
				892E7CD288C0B480ECF0383E /* Pods-Weather.release.xcconfig */,
			);
			path = Pods;
			sourceTree = "<group>";
		};
		BFAF2C04268F170500D34778 = {
			isa = PBXGroup;
			children = (
				BFAF2C0F268F170500D34778 /* Weather */,
				BFAF2C0E268F170500D34778 /* Products */,
				B081C20AB13803E55C9F9164 /* Pods */,
				E73023B856E0CDBF3DB38DA6 /* Frameworks */,
			);
			sourceTree = "<group>";
		};
		BFAF2C0E268F170500D34778 /* Products */ = {
			isa = PBXGroup;
			children = (
				BFAF2C0D268F170500D34778 /* Weather.app */,
			);
			name = Products;
			sourceTree = "<group>";
		};
		BFAF2C0F268F170500D34778 /* Weather */ = {
			isa = PBXGroup;
			children = (
				BFAF2C10268F170500D34778 /* WeatherApp.swift */,
				BFAF2C12268F170500D34778 /* ContentView.swift */,
				BFAF2C14268F170600D34778 /* Assets.xcassets */,
				BFAF2C19268F170600D34778 /* Info.plist */,
				BFAF2C16268F170600D34778 /* Preview Content */,
				BF84AA05269E99C000276D38 /* CityListView.swift */,
				BFAF2C25268F333500D34778 /* currentWeatherView.swift */,
				BFAF2C23268F332500D34778 /* weatherQualityView.swift */,
				BF6BF79F2692EE52004BBF8B /* InfoBlocks.swift */,
				BFAF2C20268F1DDD00D34778 /* AFNetworking-Brigding-Header.h */,
				BFAF2C27268F3D1600D34778 /* returnDemo.json */,
			);
			path = Weather;
			sourceTree = "<group>";
		};
		BFAF2C16268F170600D34778 /* Preview Content */ = {
			isa = PBXGroup;
			children = (
				BFAF2C17268F170600D34778 /* Preview Assets.xcassets */,
			);
			path = "Preview Content";
			sourceTree = "<group>";
		};
		E73023B856E0CDBF3DB38DA6 /* Frameworks */ = {
			isa = PBXGroup;
			children = (
				1FF0A19D502A4F7B69AEFE84 /* Pods_Weather.framework */,
			);
			name = Frameworks;
			sourceTree = "<group>";
		};
/* End PBXGroup section */

/* Begin PBXNativeTarget section */
		BFAF2C0C268F170500D34778 /* Weather */ = {
			isa = PBXNativeTarget;
			buildConfigurationList = BFAF2C1C268F170600D34778 /* Build configuration list for PBXNativeTarget "Weather" */;
			buildPhases = (
				00E8732E1010F90708657588 /* [CP] Check Pods Manifest.lock */,
				BFAF2C09268F170500D34778 /* Sources */,
				BFAF2C0A268F170500D34778 /* Frameworks */,
				BFAF2C0B268F170500D34778 /* Resources */,
				2B90021C4F50FA699527A1E8 /* [CP] Embed Pods Frameworks */,
			);
			buildRules = (
			);
			dependencies = (
			);
			name = Weather;
			productName = Weather;
			productReference = BFAF2C0D268F170500D34778 /* Weather.app */;
			productType = "com.apple.product-type.application";
		};
/* End PBXNativeTarget section */

/* Begin PBXProject section */
		BFAF2C05268F170500D34778 /* Project object */ = {
			isa = PBXProject;
			attributes = {
				LastSwiftUpdateCheck = 1250;
				LastUpgradeCheck = 1250;
				TargetAttributes = {
					BFAF2C0C268F170500D34778 = {
						CreatedOnToolsVersion = 12.5.1;
					};
				};
			};
			buildConfigurationList = BFAF2C08268F170500D34778 /* Build configuration list for PBXProject "Weather" */;
			compatibilityVersion = "Xcode 9.3";
			developmentRegion = en;
			hasScannedForEncodings = 0;
			knownRegions = (
				en,
				Base,
			);
			mainGroup = BFAF2C04268F170500D34778;
			productRefGroup = BFAF2C0E268F170500D34778 /* Products */;
			projectDirPath = "";
			projectRoot = "";
			targets = (
				BFAF2C0C268F170500D34778 /* Weather */,
			);
		};
/* End PBXProject section */

/* Begin PBXResourcesBuildPhase section */
		BFAF2C0B268F170500D34778 /* Resources */ = {
			isa = PBXResourcesBuildPhase;
			buildActionMask = 2147483647;
			files = (
				BFAF2C28268F3D1600D34778 /* returnDemo.json in Resources */,
				BFAF2C18268F170600D34778 /* Preview Assets.xcassets in Resources */,
				BFAF2C15268F170600D34778 /* Assets.xcassets in Resources */,
			);
			runOnlyForDeploymentPostprocessing = 0;
		};
/* End PBXResourcesBuildPhase section */

/* Begin PBXShellScriptBuildPhase section */
		00E8732E1010F90708657588 /* [CP] Check Pods Manifest.lock */ = {
			isa = PBXShellScriptBuildPhase;
			buildActionMask = 2147483647;
			files = (
			);
			inputFileListPaths = (
			);
			inputPaths = (
				"${PODS_PODFILE_DIR_PATH}/Podfile.lock",
				"${PODS_ROOT}/Manifest.lock",
			);
			name = "[CP] Check Pods Manifest.lock";
			outputFileListPaths = (
			);
			outputPaths = (
				"$(DERIVED_FILE_DIR)/Pods-Weather-checkManifestLockResult.txt",
			);
			runOnlyForDeploymentPostprocessing = 0;
			shellPath = /bin/sh;
			shellScript = "diff \"${PODS_PODFILE_DIR_PATH}/Podfile.lock\" \"${PODS_ROOT}/Manifest.lock\" > /dev/null\nif [ $? != 0 ] ; then\n    # print error to STDERR\n    echo \"error: The sandbox is not in sync with the Podfile.lock. Run 'pod install' or update your CocoaPods installation.\" >&2\n    exit 1\nfi\n# This output is used by Xcode 'outputs' to avoid re-running this script phase.\necho \"SUCCESS\" > \"${SCRIPT_OUTPUT_FILE_0}\"\n";
			showEnvVarsInLog = 0;
		};
		2B90021C4F50FA699527A1E8 /* [CP] Embed Pods Frameworks */ = {
			isa = PBXShellScriptBuildPhase;
			buildActionMask = 12;
			files = (
			);
			inputFileListPaths = (
				"${PODS_ROOT}/Target Support Files/Pods-Weather/Pods-Weather-frameworks-${CONFIGURATION}-input-files.xcfilelist",
			);
			name = "[CP] Embed Pods Frameworks";
			outputFileListPaths = (
				"${PODS_ROOT}/Target Support Files/Pods-Weather/Pods-Weather-frameworks-${CONFIGURATION}-output-files.xcfilelist",
			);
			runOnlyForDeploymentPostprocessing = 0;
			shellPath = /bin/sh;
			shellScript = "\"${PODS_ROOT}/Target Support Files/Pods-Weather/Pods-Weather-frameworks.sh\"\n";
			showEnvVarsInLog = 0;
		};
/* End PBXShellScriptBuildPhase section */

/* Begin PBXSourcesBuildPhase section */
		BFAF2C09268F170500D34778 /* Sources */ = {
			isa = PBXSourcesBuildPhase;
			buildActionMask = 2147483647;
			files = (
				BFAF2C13268F170500D34778 /* ContentView.swift in Sources */,
				BFAF2C26268F333500D34778 /* currentWeatherView.swift in Sources */,
				BF6BF7A02692EE52004BBF8B /* InfoBlocks.swift in Sources */,
				BF84AA06269E99C000276D38 /* CityListView.swift in Sources */,
				BFAF2C11268F170500D34778 /* WeatherApp.swift in Sources */,
				BFAF2C24268F332500D34778 /* weatherQualityView.swift in Sources */,
			);
			runOnlyForDeploymentPostprocessing = 0;
		};
/* End PBXSourcesBuildPhase section */

/* Begin XCBuildConfiguration section */
		BFAF2C1A268F170600D34778 /* Debug */ = {
			isa = XCBuildConfiguration;
			buildSettings = {
				ALWAYS_SEARCH_USER_PATHS = NO;
				CLANG_ANALYZER_NONNULL = YES;
				CLANG_ANALYZER_NUMBER_OBJECT_CONVERSION = YES_AGGRESSIVE;
				CLANG_CXX_LANGUAGE_STANDARD = "gnu++14";
				CLANG_CXX_LIBRARY = "libc++";
				CLANG_ENABLE_MODULES = YES;
				CLANG_ENABLE_OBJC_ARC = YES;
				CLANG_ENABLE_OBJC_WEAK = YES;
				CLANG_WARN_BLOCK_CAPTURE_AUTORELEASING = YES;
				CLANG_WARN_BOOL_CONVERSION = YES;
				CLANG_WARN_COMMA = YES;
				CLANG_WARN_CONSTANT_CONVERSION = YES;
				CLANG_WARN_DEPRECATED_OBJC_IMPLEMENTATIONS = YES;
				CLANG_WARN_DIRECT_OBJC_ISA_USAGE = YES_ERROR;
				CLANG_WARN_DOCUMENTATION_COMMENTS = YES;
				CLANG_WARN_EMPTY_BODY = YES;
				CLANG_WARN_ENUM_CONVERSION = YES;
				CLANG_WARN_INFINITE_RECURSION = YES;
				CLANG_WARN_INT_CONVERSION = YES;
				CLANG_WARN_NON_LITERAL_NULL_CONVERSION = YES;
				CLANG_WARN_OBJC_IMPLICIT_RETAIN_SELF = YES;
				CLANG_WARN_OBJC_LITERAL_CONVERSION = YES;
				CLANG_WARN_OBJC_ROOT_CLASS = YES_ERROR;
				CLANG_WARN_QUOTED_INCLUDE_IN_FRAMEWORK_HEADER = YES;
				CLANG_WARN_RANGE_LOOP_ANALYSIS = YES;
				CLANG_WARN_STRICT_PROTOTYPES = YES;
				CLANG_WARN_SUSPICIOUS_MOVE = YES;
				CLANG_WARN_UNGUARDED_AVAILABILITY = YES_AGGRESSIVE;
				CLANG_WARN_UNREACHABLE_CODE = YES;
				CLANG_WARN__DUPLICATE_METHOD_MATCH = YES;
				COPY_PHASE_STRIP = NO;
				DEBUG_INFORMATION_FORMAT = dwarf;
				ENABLE_STRICT_OBJC_MSGSEND = YES;
				ENABLE_TESTABILITY = YES;
				GCC_C_LANGUAGE_STANDARD = gnu11;
				GCC_DYNAMIC_NO_PIC = NO;
				GCC_NO_COMMON_BLOCKS = YES;
				GCC_OPTIMIZATION_LEVEL = 0;
				GCC_PREPROCESSOR_DEFINITIONS = (
					"DEBUG=1",
					"$(inherited)",
				);
				GCC_WARN_64_TO_32_BIT_CONVERSION = YES;
				GCC_WARN_ABOUT_RETURN_TYPE = YES_ERROR;
				GCC_WARN_UNDECLARED_SELECTOR = YES;
				GCC_WARN_UNINITIALIZED_AUTOS = YES_AGGRESSIVE;
				GCC_WARN_UNUSED_FUNCTION = YES;
				GCC_WARN_UNUSED_VARIABLE = YES;
				IPHONEOS_DEPLOYMENT_TARGET = 14.5;
				MTL_ENABLE_DEBUG_INFO = INCLUDE_SOURCE;
				MTL_FAST_MATH = YES;
				ONLY_ACTIVE_ARCH = YES;
				SDKROOT = iphoneos;
				SWIFT_ACTIVE_COMPILATION_CONDITIONS = DEBUG;
				SWIFT_OBJC_BRIDGING_HEADER = "/Users/hakubill/BDSC/ByteDanceSummerCamp/Team3/白家骏/Weather/Weather/AFNetworking-Brigding-Header.h";
				SWIFT_OPTIMIZATION_LEVEL = "-Onone";
			};
			name = Debug;
		};
		BFAF2C1B268F170600D34778 /* Release */ = {
			isa = XCBuildConfiguration;
			buildSettings = {
				ALWAYS_SEARCH_USER_PATHS = NO;
				CLANG_ANALYZER_NONNULL = YES;
				CLANG_ANALYZER_NUMBER_OBJECT_CONVERSION = YES_AGGRESSIVE;
				CLANG_CXX_LANGUAGE_STANDARD = "gnu++14";
				CLANG_CXX_LIBRARY = "libc++";
				CLANG_ENABLE_MODULES = YES;
				CLANG_ENABLE_OBJC_ARC = YES;
				CLANG_ENABLE_OBJC_WEAK = YES;
				CLANG_WARN_BLOCK_CAPTURE_AUTORELEASING = YES;
				CLANG_WARN_BOOL_CONVERSION = YES;
				CLANG_WARN_COMMA = YES;
				CLANG_WARN_CONSTANT_CONVERSION = YES;
				CLANG_WARN_DEPRECATED_OBJC_IMPLEMENTATIONS = YES;
				CLANG_WARN_DIRECT_OBJC_ISA_USAGE = YES_ERROR;
				CLANG_WARN_DOCUMENTATION_COMMENTS = YES;
				CLANG_WARN_EMPTY_BODY = YES;
				CLANG_WARN_ENUM_CONVERSION = YES;
				CLANG_WARN_INFINITE_RECURSION = YES;
				CLANG_WARN_INT_CONVERSION = YES;
				CLANG_WARN_NON_LITERAL_NULL_CONVERSION = YES;
				CLANG_WARN_OBJC_IMPLICIT_RETAIN_SELF = YES;
				CLANG_WARN_OBJC_LITERAL_CONVERSION = YES;
				CLANG_WARN_OBJC_ROOT_CLASS = YES_ERROR;
				CLANG_WARN_QUOTED_INCLUDE_IN_FRAMEWORK_HEADER = YES;
				CLANG_WARN_RANGE_LOOP_ANALYSIS = YES;
				CLANG_WARN_STRICT_PROTOTYPES = YES;
				CLANG_WARN_SUSPICIOUS_MOVE = YES;
				CLANG_WARN_UNGUARDED_AVAILABILITY = YES_AGGRESSIVE;
				CLANG_WARN_UNREACHABLE_CODE = YES;
				CLANG_WARN__DUPLICATE_METHOD_MATCH = YES;
				COPY_PHASE_STRIP = NO;
				DEBUG_INFORMATION_FORMAT = "dwarf-with-dsym";
				ENABLE_NS_ASSERTIONS = NO;
				ENABLE_STRICT_OBJC_MSGSEND = YES;
				GCC_C_LANGUAGE_STANDARD = gnu11;
				GCC_NO_COMMON_BLOCKS = YES;
				GCC_WARN_64_TO_32_BIT_CONVERSION = YES;
				GCC_WARN_ABOUT_RETURN_TYPE = YES_ERROR;
				GCC_WARN_UNDECLARED_SELECTOR = YES;
				GCC_WARN_UNINITIALIZED_AUTOS = YES_AGGRESSIVE;
				GCC_WARN_UNUSED_FUNCTION = YES;
				GCC_WARN_UNUSED_VARIABLE = YES;
				IPHONEOS_DEPLOYMENT_TARGET = 14.5;
				MTL_ENABLE_DEBUG_INFO = NO;
				MTL_FAST_MATH = YES;
				SDKROOT = iphoneos;
				SWIFT_COMPILATION_MODE = wholemodule;
				SWIFT_OBJC_BRIDGING_HEADER = "/Users/hakubill/BDSC/ByteDanceSummerCamp/Team3/白家骏/Weather/Weather/AFNetworking-Brigding-Header.h";
				SWIFT_OPTIMIZATION_LEVEL = "-O";
				VALIDATE_PRODUCT = YES;
			};
			name = Release;
		};
		BFAF2C1D268F170600D34778 /* Debug */ = {
			isa = XCBuildConfiguration;
			baseConfigurationReference = B824D84438700CDD7DE7C3E9 /* Pods-Weather.debug.xcconfig */;
			buildSettings = {
				ASSETCATALOG_COMPILER_APPICON_NAME = AppIcon;
				ASSETCATALOG_COMPILER_GLOBAL_ACCENT_COLOR_NAME = AccentColor;
				CODE_SIGN_STYLE = Automatic;
				DEVELOPMENT_ASSET_PATHS = "\"Weather/Preview Content\"";
				DEVELOPMENT_TEAM = L7XRJ79BCH;
				ENABLE_PREVIEWS = YES;
				INFOPLIST_FILE = Weather/Info.plist;
				IPHONEOS_DEPLOYMENT_TARGET = 14.0;
				LD_RUNPATH_SEARCH_PATHS = (
					"$(inherited)",
					"@executable_path/Frameworks",
				);
				PRODUCT_BUNDLE_IDENTIFIER = com.hakubill.Weather;
				PRODUCT_NAME = "$(TARGET_NAME)";
				SWIFT_VERSION = 5.0;
				TARGETED_DEVICE_FAMILY = "1,2";
			};
			name = Debug;
		};
		BFAF2C1E268F170600D34778 /* Release */ = {
			isa = XCBuildConfiguration;
			baseConfigurationReference = 892E7CD288C0B480ECF0383E /* Pods-Weather.release.xcconfig */;
			buildSettings = {
				ASSETCATALOG_COMPILER_APPICON_NAME = AppIcon;
				ASSETCATALOG_COMPILER_GLOBAL_ACCENT_COLOR_NAME = AccentColor;
				CODE_SIGN_STYLE = Automatic;
				DEVELOPMENT_ASSET_PATHS = "\"Weather/Preview Content\"";
				DEVELOPMENT_TEAM = L7XRJ79BCH;
				ENABLE_PREVIEWS = YES;
				INFOPLIST_FILE = Weather/Info.plist;
				IPHONEOS_DEPLOYMENT_TARGET = 14.0;
				LD_RUNPATH_SEARCH_PATHS = (
					"$(inherited)",
					"@executable_path/Frameworks",
				);
				PRODUCT_BUNDLE_IDENTIFIER = com.hakubill.Weather;
				PRODUCT_NAME = "$(TARGET_NAME)";
				SWIFT_VERSION = 5.0;
				TARGETED_DEVICE_FAMILY = "1,2";
			};
			name = Release;
		};
/* End XCBuildConfiguration section */

/* Begin XCConfigurationList section */
		BFAF2C08268F170500D34778 /* Build configuration list for PBXProject "Weather" */ = {
			isa = XCConfigurationList;
			buildConfigurations = (
				BFAF2C1A268F170600D34778 /* Debug */,
				BFAF2C1B268F170600D34778 /* Release */,
			);
			defaultConfigurationIsVisible = 0;
			defaultConfigurationName = Release;
		};
		BFAF2C1C268F170600D34778 /* Build configuration list for PBXNativeTarget "Weather" */ = {
			isa = XCConfigurationList;
			buildConfigurations = (
				BFAF2C1D268F170600D34778 /* Debug */,
				BFAF2C1E268F170600D34778 /* Release */,
			);
			defaultConfigurationIsVisible = 0;
			defaultConfigurationName = Release;
		};
/* End XCConfigurationList section */
	};
	rootObject = BFAF2C05268F170500D34778 /* Project object */;
}
