// !$*UTF8*$!
{
	archiveVersion = 1;
	classes = {
	};
	objectVersion = 50;
	objects = {

/* Begin PBXBuildFile section */
		CB45B80926905E2400580A38 /* main.m in Sources */ = {isa = PBXBuildFile; fileRef = CB45B80826905E2400580A38 /* main.m */; };
		CB45B81126905F6200580A38 /* Person.m in Sources */ = {isa = PBXBuildFile; fileRef = CB45B81026905F6200580A38 /* Person.m */; };
		CB45B8162690664200580A38 /* Player.m in Sources */ = {isa = PBXBuildFile; fileRef = CB45B8152690664200580A38 /* Player.m */; };
		CB45B81926906F8700580A38 /* Robot.m in Sources */ = {isa = PBXBuildFile; fileRef = CB45B81826906F8700580A38 /* Robot.m */; };
		CB45B81C26908AEB00580A38 /* Judge.m in Sources */ = {isa = PBXBuildFile; fileRef = CB45B81B26908AEB00580A38 /* Judge.m */; };
/* End PBXBuildFile section */

/* Begin PBXCopyFilesBuildPhase section */
		CB45B80326905E2400580A38 /* CopyFiles */ = {
			isa = PBXCopyFilesBuildPhase;
			buildActionMask = 2147483647;
			dstPath = /usr/share/man/man1/;
			dstSubfolderSpec = 0;
			files = (
			);
			runOnlyForDeploymentPostprocessing = 1;
		};
/* End PBXCopyFilesBuildPhase section */

/* Begin PBXFileReference section */
		CB45B80526905E2400580A38 /* Study_OC */ = {isa = PBXFileReference; explicitFileType = "compiled.mach-o.executable"; includeInIndex = 0; path = Study_OC; sourceTree = BUILT_PRODUCTS_DIR; };
		CB45B80826905E2400580A38 /* main.m */ = {isa = PBXFileReference; lastKnownFileType = sourcecode.c.objc; path = main.m; sourceTree = "<group>"; };
		CB45B80F26905F6200580A38 /* Person.h */ = {isa = PBXFileReference; lastKnownFileType = sourcecode.c.h; path = Person.h; sourceTree = "<group>"; };
		CB45B81026905F6200580A38 /* Person.m */ = {isa = PBXFileReference; lastKnownFileType = sourcecode.c.objc; path = Person.m; sourceTree = "<group>"; };
		CB45B813269065DC00580A38 /* FirstType.h */ = {isa = PBXFileReference; lastKnownFileType = sourcecode.c.h; path = FirstType.h; sourceTree = "<group>"; };
		CB45B8142690664100580A38 /* Player.h */ = {isa = PBXFileReference; lastKnownFileType = sourcecode.c.h; path = Player.h; sourceTree = "<group>"; };
		CB45B8152690664200580A38 /* Player.m */ = {isa = PBXFileReference; lastKnownFileType = sourcecode.c.objc; path = Player.m; sourceTree = "<group>"; };
		CB45B81726906F8700580A38 /* Robot.h */ = {isa = PBXFileReference; lastKnownFileType = sourcecode.c.h; path = Robot.h; sourceTree = "<group>"; };
		CB45B81826906F8700580A38 /* Robot.m */ = {isa = PBXFileReference; lastKnownFileType = sourcecode.c.objc; path = Robot.m; sourceTree = "<group>"; };
		CB45B81A26908AEB00580A38 /* Judge.h */ = {isa = PBXFileReference; lastKnownFileType = sourcecode.c.h; path = Judge.h; sourceTree = "<group>"; };
		CB45B81B26908AEB00580A38 /* Judge.m */ = {isa = PBXFileReference; lastKnownFileType = sourcecode.c.objc; path = Judge.m; sourceTree = "<group>"; };
/* End PBXFileReference section */

/* Begin PBXFrameworksBuildPhase section */
		CB45B80226905E2400580A38 /* Frameworks */ = {
			isa = PBXFrameworksBuildPhase;
			buildActionMask = 2147483647;
			files = (
			);
			runOnlyForDeploymentPostprocessing = 0;
		};
/* End PBXFrameworksBuildPhase section */

/* Begin PBXGroup section */
		CB45B7FC26905E2400580A38 = {
			isa = PBXGroup;
			children = (
				CB45B80726905E2400580A38 /* Study_OC */,
				CB45B80626905E2400580A38 /* Products */,
			);
			sourceTree = "<group>";
		};
		CB45B80626905E2400580A38 /* Products */ = {
			isa = PBXGroup;
			children = (
				CB45B80526905E2400580A38 /* Study_OC */,
			);
			name = Products;
			sourceTree = "<group>";
		};
		CB45B80726905E2400580A38 /* Study_OC */ = {
			isa = PBXGroup;
			children = (
				CB45B80826905E2400580A38 /* main.m */,
				CB45B80F26905F6200580A38 /* Person.h */,
				CB45B81026905F6200580A38 /* Person.m */,
				CB45B813269065DC00580A38 /* FirstType.h */,
				CB45B8142690664100580A38 /* Player.h */,
				CB45B8152690664200580A38 /* Player.m */,
				CB45B81726906F8700580A38 /* Robot.h */,
				CB45B81826906F8700580A38 /* Robot.m */,
				CB45B81A26908AEB00580A38 /* Judge.h */,
				CB45B81B26908AEB00580A38 /* Judge.m */,
			);
			path = Study_OC;
			sourceTree = "<group>";
		};
/* End PBXGroup section */

/* Begin PBXNativeTarget section */
		CB45B80426905E2400580A38 /* Study_OC */ = {
			isa = PBXNativeTarget;
			buildConfigurationList = CB45B80C26905E2400580A38 /* Build configuration list for PBXNativeTarget "Study_OC" */;
			buildPhases = (
				CB45B80126905E2400580A38 /* Sources */,
				CB45B80226905E2400580A38 /* Frameworks */,
				CB45B80326905E2400580A38 /* CopyFiles */,
			);
			buildRules = (
			);
			dependencies = (
			);
			name = Study_OC;
			productName = Study_OC;
			productReference = CB45B80526905E2400580A38 /* Study_OC */;
			productType = "com.apple.product-type.tool";
		};
/* End PBXNativeTarget section */

/* Begin PBXProject section */
		CB45B7FD26905E2400580A38 /* Project object */ = {
			isa = PBXProject;
			attributes = {
				LastUpgradeCheck = 0940;
				ORGANIZATIONNAME = "Big Nerd Ranch";
				TargetAttributes = {
					CB45B80426905E2400580A38 = {
						CreatedOnToolsVersion = 9.4;
					};
				};
			};
			buildConfigurationList = CB45B80026905E2400580A38 /* Build configuration list for PBXProject "Study_OC" */;
			compatibilityVersion = "Xcode 9.3";
			developmentRegion = en;
			hasScannedForEncodings = 0;
			knownRegions = (
				en,
			);
			mainGroup = CB45B7FC26905E2400580A38;
			productRefGroup = CB45B80626905E2400580A38 /* Products */;
			projectDirPath = "";
			projectRoot = "";
			targets = (
				CB45B80426905E2400580A38 /* Study_OC */,
			);
		};
/* End PBXProject section */

/* Begin PBXSourcesBuildPhase section */
		CB45B80126905E2400580A38 /* Sources */ = {
			isa = PBXSourcesBuildPhase;
			buildActionMask = 2147483647;
			files = (
				CB45B81926906F8700580A38 /* Robot.m in Sources */,
				CB45B81C26908AEB00580A38 /* Judge.m in Sources */,
				CB45B81126905F6200580A38 /* Person.m in Sources */,
				CB45B8162690664200580A38 /* Player.m in Sources */,
				CB45B80926905E2400580A38 /* main.m in Sources */,
			);
			runOnlyForDeploymentPostprocessing = 0;
		};
/* End PBXSourcesBuildPhase section */

/* Begin XCBuildConfiguration section */
		CB45B80A26905E2400580A38 /* Debug */ = {
			isa = XCBuildConfiguration;
			buildSettings = {
				ALWAYS_SEARCH_USER_PATHS = NO;
				CLANG_ANALYZER_NONNULL = YES;
				CLANG_ANALYZER_NUMBER_OBJECT_CONVERSION = YES_AGGRESSIVE;
				CLANG_CXX_LANGUAGE_STANDARD = "gnu++14";
				CLANG_CXX_LIBRARY = "libc++";
				CLANG_ENABLE_MODULES = YES;
				CLANG_ENABLE_OBJC_ARC = YES;
				CLANG_ENABLE_OBJC_WEAK = YES;
				CLANG_WARN_BLOCK_CAPTURE_AUTORELEASING = YES;
				CLANG_WARN_BOOL_CONVERSION = YES;
				CLANG_WARN_COMMA = YES;
				CLANG_WARN_CONSTANT_CONVERSION = YES;
				CLANG_WARN_DEPRECATED_OBJC_IMPLEMENTATIONS = YES;
				CLANG_WARN_DIRECT_OBJC_ISA_USAGE = YES_ERROR;
				CLANG_WARN_DOCUMENTATION_COMMENTS = YES;
				CLANG_WARN_EMPTY_BODY = YES;
				CLANG_WARN_ENUM_CONVERSION = YES;
				CLANG_WARN_INFINITE_RECURSION = YES;
				CLANG_WARN_INT_CONVERSION = YES;
				CLANG_WARN_NON_LITERAL_NULL_CONVERSION = YES;
				CLANG_WARN_OBJC_IMPLICIT_RETAIN_SELF = YES;
				CLANG_WARN_OBJC_LITERAL_CONVERSION = YES;
				CLANG_WARN_OBJC_ROOT_CLASS = YES_ERROR;
				CLANG_WARN_RANGE_LOOP_ANALYSIS = YES;
				CLANG_WARN_STRICT_PROTOTYPES = YES;
				CLANG_WARN_SUSPICIOUS_MOVE = YES;
				CLANG_WARN_UNGUARDED_AVAILABILITY = YES_AGGRESSIVE;
				CLANG_WARN_UNREACHABLE_CODE = YES;
				CLANG_WARN__DUPLICATE_METHOD_MATCH = YES;
				CODE_SIGN_IDENTITY = "-";
				COPY_PHASE_STRIP = NO;
				DEBUG_INFORMATION_FORMAT = dwarf;
				ENABLE_STRICT_OBJC_MSGSEND = YES;
				ENABLE_TESTABILITY = YES;
				GCC_C_LANGUAGE_STANDARD = gnu11;
				GCC_DYNAMIC_NO_PIC = NO;
				GCC_NO_COMMON_BLOCKS = YES;
				GCC_OPTIMIZATION_LEVEL = 0;
				GCC_PREPROCESSOR_DEFINITIONS = (
					"DEBUG=1",
					"$(inherited)",
				);
				GCC_WARN_64_TO_32_BIT_CONVERSION = YES;
				GCC_WARN_ABOUT_RETURN_TYPE = YES_ERROR;
				GCC_WARN_UNDECLARED_SELECTOR = YES;
				GCC_WARN_UNINITIALIZED_AUTOS = YES_AGGRESSIVE;
				GCC_WARN_UNUSED_FUNCTION = YES;
				GCC_WARN_UNUSED_VARIABLE = YES;
				MACOSX_DEPLOYMENT_TARGET = 10.14;
				MTL_ENABLE_DEBUG_INFO = YES;
				ONLY_ACTIVE_ARCH = YES;
				SDKROOT = macosx;
			};
			name = Debug;
		};
		CB45B80B26905E2400580A38 /* Release */ = {
			isa = XCBuildConfiguration;
			buildSettings = {
				ALWAYS_SEARCH_USER_PATHS = NO;
				CLANG_ANALYZER_NONNULL = YES;
				CLANG_ANALYZER_NUMBER_OBJECT_CONVERSION = YES_AGGRESSIVE;
				CLANG_CXX_LANGUAGE_STANDARD = "gnu++14";
				CLANG_CXX_LIBRARY = "libc++";
				CLANG_ENABLE_MODULES = YES;
				CLANG_ENABLE_OBJC_ARC = YES;
				CLANG_ENABLE_OBJC_WEAK = YES;
				CLANG_WARN_BLOCK_CAPTURE_AUTORELEASING = YES;
				CLANG_WARN_BOOL_CONVERSION = YES;
				CLANG_WARN_COMMA = YES;
				CLANG_WARN_CONSTANT_CONVERSION = YES;
				CLANG_WARN_DEPRECATED_OBJC_IMPLEMENTATIONS = YES;
				CLANG_WARN_DIRECT_OBJC_ISA_USAGE = YES_ERROR;
				CLANG_WARN_DOCUMENTATION_COMMENTS = YES;
				CLANG_WARN_EMPTY_BODY = YES;
				CLANG_WARN_ENUM_CONVERSION = YES;
				CLANG_WARN_INFINITE_RECURSION = YES;
				CLANG_WARN_INT_CONVERSION = YES;
				CLANG_WARN_NON_LITERAL_NULL_CONVERSION = YES;
				CLANG_WARN_OBJC_IMPLICIT_RETAIN_SELF = YES;
				CLANG_WARN_OBJC_LITERAL_CONVERSION = YES;
				CLANG_WARN_OBJC_ROOT_CLASS = YES_ERROR;
				CLANG_WARN_RANGE_LOOP_ANALYSIS = YES;
				CLANG_WARN_STRICT_PROTOTYPES = YES;
				CLANG_WARN_SUSPICIOUS_MOVE = YES;
				CLANG_WARN_UNGUARDED_AVAILABILITY = YES_AGGRESSIVE;
				CLANG_WARN_UNREACHABLE_CODE = YES;
				CLANG_WARN__DUPLICATE_METHOD_MATCH = YES;
				CODE_SIGN_IDENTITY = "-";
				COPY_PHASE_STRIP = NO;
				DEBUG_INFORMATION_FORMAT = "dwarf-with-dsym";
				ENABLE_NS_ASSERTIONS = NO;
				ENABLE_STRICT_OBJC_MSGSEND = YES;
				GCC_C_LANGUAGE_STANDARD = gnu11;
				GCC_NO_COMMON_BLOCKS = YES;
				GCC_WARN_64_TO_32_BIT_CONVERSION = YES;
				GCC_WARN_ABOUT_RETURN_TYPE = YES_ERROR;
				GCC_WARN_UNDECLARED_SELECTOR = YES;
				GCC_WARN_UNINITIALIZED_AUTOS = YES_AGGRESSIVE;
				GCC_WARN_UNUSED_FUNCTION = YES;
				GCC_WARN_UNUSED_VARIABLE = YES;
				MACOSX_DEPLOYMENT_TARGET = 10.14;
				MTL_ENABLE_DEBUG_INFO = NO;
				SDKROOT = macosx;
			};
			name = Release;
		};
		CB45B80D26905E2400580A38 /* Debug */ = {
			isa = XCBuildConfiguration;
			buildSettings = {
				CODE_SIGN_STYLE = Automatic;
				PRODUCT_NAME = "$(TARGET_NAME)";
			};
			name = Debug;
		};
		CB45B80E26905E2400580A38 /* Release */ = {
			isa = XCBuildConfiguration;
			buildSettings = {
				CODE_SIGN_STYLE = Automatic;
				PRODUCT_NAME = "$(TARGET_NAME)";
			};
			name = Release;
		};
/* End XCBuildConfiguration section */

/* Begin XCConfigurationList section */
		CB45B80026905E2400580A38 /* Build configuration list for PBXProject "Study_OC" */ = {
			isa = XCConfigurationList;
			buildConfigurations = (
				CB45B80A26905E2400580A38 /* Debug */,
				CB45B80B26905E2400580A38 /* Release */,
			);
			defaultConfigurationIsVisible = 0;
			defaultConfigurationName = Release;
		};
		CB45B80C26905E2400580A38 /* Build configuration list for PBXNativeTarget "Study_OC" */ = {
			isa = XCConfigurationList;
			buildConfigurations = (
				CB45B80D26905E2400580A38 /* Debug */,
				CB45B80E26905E2400580A38 /* Release */,
			);
			defaultConfigurationIsVisible = 0;
			defaultConfigurationName = Release;
		};
/* End XCConfigurationList section */
	};
	rootObject = CB45B7FD26905E2400580A38 /* Project object */;
}
